
Microsoft Visual Studio Solution File, Format Version 12.00
# Visual Studio Version 17
VisualStudioVersion = 17.11.35327.3
MinimumVisualStudioVersion = 10.0.40219.1
Project("{FAE04EC0-301F-11D3-BF4B-00C04F79EFBC}") = "ProductController", "ProductController\ProductController.csproj", "{B19C7F06-9665-451E-A13B-36F8077F69BC}"
EndProject
Project("{FAE04EC0-301F-11D3-BF4B-00C04F79EFBC}") = "ProductRepository", "ProductRepository\ProductRepository.csproj", "{8430A777-E656-4A8A-B85F-F4CE7E7C2F92}"
EndProject
Project("{FAE04EC0-301F-11D3-BF4B-00C04F79EFBC}") = "ProductService", "ProductService\ProductService.csproj", "{D896DF20-BB3F-4943-ADFD-53EB9FDEAE2B}"
EndProject
Global
	GlobalSection(SolutionConfigurationPlatforms) = preSolution
		Debug|Any CPU = Debug|Any CPU
		Release|Any CPU = Release|Any CPU
	EndGlobalSection
	GlobalSection(ProjectConfigurationPlatforms) = postSolution
		{B19C7F06-9665-451E-A13B-36F8077F69BC}.Debug|Any CPU.ActiveCfg = Debug|Any CPU
		{B19C7F06-9665-451E-A13B-36F8077F69BC}.Debug|Any CPU.Build.0 = Debug|Any CPU
		{B19C7F06-9665-451E-A13B-36F8077F69BC}.Release|Any CPU.ActiveCfg = Release|Any CPU
		{B19C7F06-9665-451E-A13B-36F8077F69BC}.Release|Any CPU.Build.0 = Release|Any CPU
		{8430A777-E656-4A8A-B85F-F4CE7E7C2F92}.Debug|Any CPU.ActiveCfg = Debug|Any CPU
		{8430A777-E656-4A8A-B85F-F4CE7E7C2F92}.Debug|Any CPU.Build.0 = Debug|Any CPU
		{8430A777-E656-4A8A-B85F-F4CE7E7C2F92}.Release|Any CPU.ActiveCfg = Release|Any CPU
		{8430A777-E656-4A8A-B85F-F4CE7E7C2F92}.Release|Any CPU.Build.0 = Release|Any CPU
		{D896DF20-BB3F-4943-ADFD-53EB9FDEAE2B}.Debug|Any CPU.ActiveCfg = Debug|Any CPU
		{D896DF20-BB3F-4943-ADFD-53EB9FDEAE2B}.Debug|Any CPU.Build.0 = Debug|Any CPU
		{D896DF20-BB3F-4943-ADFD-53EB9FDEAE2B}.Release|Any CPU.ActiveCfg = Release|Any CPU
		{D896DF20-BB3F-4943-ADFD-53EB9FDEAE2B}.Release|Any CPU.Build.0 = Release|Any CPU
	EndGlobalSection
	GlobalSection(SolutionProperties) = preSolution
		HideSolutionNode = FALSE
	EndGlobalSection
	GlobalSection(ExtensibilityGlobals) = postSolution
		SolutionGuid = {025D93F1-AD61-4D93-8AFD-0FD423F169D9}
	EndGlobalSection
EndGlobal
